
Microsoft Visual Studio Solution File, Format Version 11.00
# Visual Studio 2010
Project("{FAE04EC0-301F-11D3-BF4B-00C04F79EFBC}") = "LoadExcel", "LoadExcel\LoadExcel.csproj", "{6878130E-5CE9-4554-BA64-FF9B848B49DB}"
EndProject
Global
	GlobalSection(SolutionConfigurationPlatforms) = preSolution
		Debug|x86 = Debug|x86
		Release|x86 = Release|x86
	EndGlobalSection
	GlobalSection(ProjectConfigurationPlatforms) = postSolution
		{6878130E-5CE9-4554-BA64-FF9B848B49DB}.Debug|x86.ActiveCfg = Debug|x86
		{6878130E-5CE9-4554-BA64-FF9B848B49DB}.Debug|x86.Build.0 = Debug|x86
		{6878130E-5CE9-4554-BA64-FF9B848B49DB}.Release|x86.ActiveCfg = Release|x86
		{6878130E-5CE9-4554-BA64-FF9B848B49DB}.Release|x86.Build.0 = Release|x86
	EndGlobalSection
	GlobalSection(SolutionProperties) = preSolution
		HideSolutionNode = FALSE
	EndGlobalSection
EndGlobal
